// !$*UTF8*$!
{
	archiveVersion = 1;
	classes = {
	};
	objectVersion = 56;
	objects = {

/* Begin PBXBuildFile section */
		F167FE1C2A4F91860003830D /* FileManagerApp.swift in Sources */ = {isa = PBXBuildFile; fileRef = F167FE1B2A4F91860003830D /* FileManagerApp.swift */; };
		F167FE1E2A4F91860003830D /* MainContentView.swift in Sources */ = {isa = PBXBuildFile; fileRef = F167FE1D2A4F91860003830D /* MainContentView.swift */; };
		F167FE202A4F91870003830D /* Assets.xcassets in Resources */ = {isa = PBXBuildFile; fileRef = F167FE1F2A4F91870003830D /* Assets.xcassets */; };
		F167FE232A4F91870003830D /* Preview Assets.xcassets in Resources */ = {isa = PBXBuildFile; fileRef = F167FE222A4F91870003830D /* Preview Assets.xcassets */; };
		F167FE2A2A4F93740003830D /* MyAppModel.swift in Sources */ = {isa = PBXBuildFile; fileRef = F167FE292A4F93730003830D /* MyAppModel.swift */; };
		F167FE2C2A4F96180003830D /* MyAppFileManager.swift in Sources */ = {isa = PBXBuildFile; fileRef = F167FE2B2A4F96180003830D /* MyAppFileManager.swift */; };
		F167FE2E2A4F97E30003830D /* MyAppViewModel.swift in Sources */ = {isa = PBXBuildFile; fileRef = F167FE2D2A4F97E30003830D /* MyAppViewModel.swift */; };
		F167FE302A4F9AAD0003830D /* NewFolderView.swift in Sources */ = {isa = PBXBuildFile; fileRef = F167FE2F2A4F9AAD0003830D /* NewFolderView.swift */; };
/* End PBXBuildFile section */

/* Begin PBXFileReference section */
		F167FE182A4F91860003830D /* FileManager.app */ = {isa = PBXFileReference; explicitFileType = wrapper.application; includeInIndex = 0; path = FileManager.app; sourceTree = BUILT_PRODUCTS_DIR; };
		F167FE1B2A4F91860003830D /* FileManagerApp.swift */ = {isa = PBXFileReference; lastKnownFileType = sourcecode.swift; path = FileManagerApp.swift; sourceTree = "<group>"; };
		F167FE1D2A4F91860003830D /* MainContentView.swift */ = {isa = PBXFileReference; lastKnownFileType = sourcecode.swift; path = MainContentView.swift; sourceTree = "<group>"; };
		F167FE1F2A4F91870003830D /* Assets.xcassets */ = {isa = PBXFileReference; lastKnownFileType = folder.assetcatalog; path = Assets.xcassets; sourceTree = "<group>"; };
		F167FE222A4F91870003830D /* Preview Assets.xcassets */ = {isa = PBXFileReference; lastKnownFileType = folder.assetcatalog; path = "Preview Assets.xcassets"; sourceTree = "<group>"; };
		F167FE292A4F93730003830D /* MyAppModel.swift */ = {isa = PBXFileReference; lastKnownFileType = sourcecode.swift; path = MyAppModel.swift; sourceTree = "<group>"; };
		F167FE2B2A4F96180003830D /* MyAppFileManager.swift */ = {isa = PBXFileReference; lastKnownFileType = sourcecode.swift; path = MyAppFileManager.swift; sourceTree = "<group>"; };
		F167FE2D2A4F97E30003830D /* MyAppViewModel.swift */ = {isa = PBXFileReference; lastKnownFileType = sourcecode.swift; path = MyAppViewModel.swift; sourceTree = "<group>"; };
		F167FE2F2A4F9AAD0003830D /* NewFolderView.swift */ = {isa = PBXFileReference; lastKnownFileType = sourcecode.swift; path = NewFolderView.swift; sourceTree = "<group>"; };
		F167FE312A4FAA620003830D /* Info.plist */ = {isa = PBXFileReference; lastKnownFileType = text.plist; path = Info.plist; sourceTree = "<group>"; };
/* End PBXFileReference section */

/* Begin PBXFrameworksBuildPhase section */
		F167FE152A4F91860003830D /* Frameworks */ = {
			isa = PBXFrameworksBuildPhase;
			buildActionMask = 2147483647;
			files = (
			);
			runOnlyForDeploymentPostprocessing = 0;
		};
/* End PBXFrameworksBuildPhase section */

/* Begin PBXGroup section */
		F167FE0F2A4F91860003830D = {
			isa = PBXGroup;
			children = (
				F167FE1A2A4F91860003830D /* FileManager */,
				F167FE192A4F91860003830D /* Products */,
			);
			sourceTree = "<group>";
		};
		F167FE192A4F91860003830D /* Products */ = {
			isa = PBXGroup;
			children = (
				F167FE182A4F91860003830D /* FileManager.app */,
			);
			name = Products;
			sourceTree = "<group>";
		};
		F167FE1A2A4F91860003830D /* FileManager */ = {
			isa = PBXGroup;
			children = (
				F167FE312A4FAA620003830D /* Info.plist */,
				F167FE1B2A4F91860003830D /* FileManagerApp.swift */,
				F167FE1D2A4F91860003830D /* MainContentView.swift */,
				F167FE292A4F93730003830D /* MyAppModel.swift */,
				F167FE2D2A4F97E30003830D /* MyAppViewModel.swift */,
				F167FE2B2A4F96180003830D /* MyAppFileManager.swift */,
				F167FE2F2A4F9AAD0003830D /* NewFolderView.swift */,
				F167FE1F2A4F91870003830D /* Assets.xcassets */,
				F167FE212A4F91870003830D /* Preview Content */,
			);
			path = FileManager;
			sourceTree = "<group>";
		};
		F167FE212A4F91870003830D /* Preview Content */ = {
			isa = PBXGroup;
			children = (
				F167FE222A4F91870003830D /* Preview Assets.xcassets */,
			);
			path = "Preview Content";
			sourceTree = "<group>";
		};
/* End PBXGroup section */

/* Begin PBXNativeTarget section */
		F167FE172A4F91860003830D /* FileManager */ = {
			isa = PBXNativeTarget;
			buildConfigurationList = F167FE262A4F91870003830D /* Build configuration list for PBXNativeTarget "FileManager" */;
			buildPhases = (
				F167FE142A4F91860003830D /* Sources */,
				F167FE152A4F91860003830D /* Frameworks */,
				F167FE162A4F91860003830D /* Resources */,
			);
			buildRules = (
			);
			dependencies = (
			);
			name = FileManager;
			productName = FileManager;
			productReference = F167FE182A4F91860003830D /* FileManager.app */;
			productType = "com.apple.product-type.application";
		};
/* End PBXNativeTarget section */

/* Begin PBXProject section */
		F167FE102A4F91860003830D /* Project object */ = {
			isa = PBXProject;
			attributes = {
				BuildIndependentTargetsInParallel = 1;
				LastSwiftUpdateCheck = 1430;
				LastUpgradeCheck = 1430;
				TargetAttributes = {
					F167FE172A4F91860003830D = {
						CreatedOnToolsVersion = 14.3.1;
					};
				};
			};
			buildConfigurationList = F167FE132A4F91860003830D /* Build configuration list for PBXProject "FileManager" */;
			compatibilityVersion = "Xcode 14.0";
			developmentRegion = en;
			hasScannedForEncodings = 0;
			knownRegions = (
				en,
				Base,
			);
			mainGroup = F167FE0F2A4F91860003830D;
			productRefGroup = F167FE192A4F91860003830D /* Products */;
			projectDirPath = "";
			projectRoot = "";
			targets = (
				F167FE172A4F91860003830D /* FileManager */,
			);
		};
/* End PBXProject section */

/* Begin PBXResourcesBuildPhase section */
		F167FE162A4F91860003830D /* Resources */ = {
			isa = PBXResourcesBuildPhase;
			buildActionMask = 2147483647;
			files = (
				F167FE232A4F91870003830D /* Preview Assets.xcassets in Resources */,
				F167FE202A4F91870003830D /* Assets.xcassets in Resources */,
			);
			runOnlyForDeploymentPostprocessing = 0;
		};
/* End PBXResourcesBuildPhase section */

/* Begin PBXSourcesBuildPhase section */
		F167FE142A4F91860003830D /* Sources */ = {
			isa = PBXSourcesBuildPhase;
			buildActionMask = 2147483647;
			files = (
				F167FE1E2A4F91860003830D /* MainContentView.swift in Sources */,
				F167FE302A4F9AAD0003830D /* NewFolderView.swift in Sources */,
				F167FE2A2A4F93740003830D /* MyAppModel.swift in Sources */,
				F167FE2E2A4F97E30003830D /* MyAppViewModel.swift in Sources */,
				F167FE1C2A4F91860003830D /* FileManagerApp.swift in Sources */,
				F167FE2C2A4F96180003830D /* MyAppFileManager.swift in Sources */,
			);
			runOnlyForDeploymentPostprocessing = 0;
		};
/* End PBXSourcesBuildPhase section */

/* Begin XCBuildConfiguration section */
		F167FE242A4F91870003830D /* Debug */ = {
			isa = XCBuildConfiguration;
			buildSettings = {
				ALWAYS_SEARCH_USER_PATHS = NO;
				CLANG_ANALYZER_NONNULL = YES;
				CLANG_ANALYZER_NUMBER_OBJECT_CONVERSION = YES_AGGRESSIVE;
				CLANG_CXX_LANGUAGE_STANDARD = "gnu++20";
				CLANG_ENABLE_MODULES = YES;
				CLANG_ENABLE_OBJC_ARC = YES;
				CLANG_ENABLE_OBJC_WEAK = YES;
				CLANG_WARN_BLOCK_CAPTURE_AUTORELEASING = YES;
				CLANG_WARN_BOOL_CONVERSION = YES;
				CLANG_WARN_COMMA = YES;
				CLANG_WARN_CONSTANT_CONVERSION = YES;
				CLANG_WARN_DEPRECATED_OBJC_IMPLEMENTATIONS = YES;
				CLANG_WARN_DIRECT_OBJC_ISA_USAGE = YES_ERROR;
				CLANG_WARN_DOCUMENTATION_COMMENTS = YES;
				CLANG_WARN_EMPTY_BODY = YES;
				CLANG_WARN_ENUM_CONVERSION = YES;
				CLANG_WARN_INFINITE_RECURSION = YES;
				CLANG_WARN_INT_CONVERSION = YES;
				CLANG_WARN_NON_LITERAL_NULL_CONVERSION = YES;
				CLANG_WARN_OBJC_IMPLICIT_RETAIN_SELF = YES;
				CLANG_WARN_OBJC_LITERAL_CONVERSION = YES;
				CLANG_WARN_OBJC_ROOT_CLASS = YES_ERROR;
				CLANG_WARN_QUOTED_INCLUDE_IN_FRAMEWORK_HEADER = YES;
				CLANG_WARN_RANGE_LOOP_ANALYSIS = YES;
				CLANG_WARN_STRICT_PROTOTYPES = YES;
				CLANG_WARN_SUSPICIOUS_MOVE = YES;
				CLANG_WARN_UNGUARDED_AVAILABILITY = YES_AGGRESSIVE;
				CLANG_WARN_UNREACHABLE_CODE = YES;
				CLANG_WARN__DUPLICATE_METHOD_MATCH = YES;
				COPY_PHASE_STRIP = NO;
				DEBUG_INFORMATION_FORMAT = dwarf;
				ENABLE_STRICT_OBJC_MSGSEND = YES;
				ENABLE_TESTABILITY = YES;
				GCC_C_LANGUAGE_STANDARD = gnu11;
				GCC_DYNAMIC_NO_PIC = NO;
				GCC_NO_COMMON_BLOCKS = YES;
				GCC_OPTIMIZATION_LEVEL = 0;
				GCC_PREPROCESSOR_DEFINITIONS = (
					"DEBUG=1",
					"$(inherited)",
				);
				GCC_WARN_64_TO_32_BIT_CONVERSION = YES;
				GCC_WARN_ABOUT_RETURN_TYPE = YES_ERROR;
				GCC_WARN_UNDECLARED_SELECTOR = YES;
				GCC_WARN_UNINITIALIZED_AUTOS = YES_AGGRESSIVE;
				GCC_WARN_UNUSED_FUNCTION = YES;
				GCC_WARN_UNUSED_VARIABLE = YES;
				IPHONEOS_DEPLOYMENT_TARGET = 16.0;
				MTL_ENABLE_DEBUG_INFO = INCLUDE_SOURCE;
				MTL_FAST_MATH = YES;
				ONLY_ACTIVE_ARCH = YES;
				SDKROOT = iphoneos;
				SWIFT_ACTIVE_COMPILATION_CONDITIONS = DEBUG;
				SWIFT_OPTIMIZATION_LEVEL = "-Onone";
			};
			name = Debug;
		};
		F167FE252A4F91870003830D /* Release */ = {
			isa = XCBuildConfiguration;
			buildSettings = {
				ALWAYS_SEARCH_USER_PATHS = NO;
				CLANG_ANALYZER_NONNULL = YES;
				CLANG_ANALYZER_NUMBER_OBJECT_CONVERSION = YES_AGGRESSIVE;
				CLANG_CXX_LANGUAGE_STANDARD = "gnu++20";
				CLANG_ENABLE_MODULES = YES;
				CLANG_ENABLE_OBJC_ARC = YES;
				CLANG_ENABLE_OBJC_WEAK = YES;
				CLANG_WARN_BLOCK_CAPTURE_AUTORELEASING = YES;
				CLANG_WARN_BOOL_CONVERSION = YES;
				CLANG_WARN_COMMA = YES;
				CLANG_WARN_CONSTANT_CONVERSION = YES;
				CLANG_WARN_DEPRECATED_OBJC_IMPLEMENTATIONS = YES;
				CLANG_WARN_DIRECT_OBJC_ISA_USAGE = YES_ERROR;
				CLANG_WARN_DOCUMENTATION_COMMENTS = YES;
				CLANG_WARN_EMPTY_BODY = YES;
				CLANG_WARN_ENUM_CONVERSION = YES;
				CLANG_WARN_INFINITE_RECURSION = YES;
				CLANG_WARN_INT_CONVERSION = YES;
				CLANG_WARN_NON_LITERAL_NULL_CONVERSION = YES;
				CLANG_WARN_OBJC_IMPLICIT_RETAIN_SELF = YES;
				CLANG_WARN_OBJC_LITERAL_CONVERSION = YES;
				CLANG_WARN_OBJC_ROOT_CLASS = YES_ERROR;
				CLANG_WARN_QUOTED_INCLUDE_IN_FRAMEWORK_HEADER = YES;
				CLANG_WARN_RANGE_LOOP_ANALYSIS = YES;
				CLANG_WARN_STRICT_PROTOTYPES = YES;
				CLANG_WARN_SUSPICIOUS_MOVE = YES;
				CLANG_WARN_UNGUARDED_AVAILABILITY = YES_AGGRESSIVE;
				CLANG_WARN_UNREACHABLE_CODE = YES;
				CLANG_WARN__DUPLICATE_METHOD_MATCH = YES;
				COPY_PHASE_STRIP = NO;
				DEBUG_INFORMATION_FORMAT = "dwarf-with-dsym";
				ENABLE_NS_ASSERTIONS = NO;
				ENABLE_STRICT_OBJC_MSGSEND = YES;
				GCC_C_LANGUAGE_STANDARD = gnu11;
				GCC_NO_COMMON_BLOCKS = YES;
				GCC_WARN_64_TO_32_BIT_CONVERSION = YES;
				GCC_WARN_ABOUT_RETURN_TYPE = YES_ERROR;
				GCC_WARN_UNDECLARED_SELECTOR = YES;
				GCC_WARN_UNINITIALIZED_AUTOS = YES_AGGRESSIVE;
				GCC_WARN_UNUSED_FUNCTION = YES;
				GCC_WARN_UNUSED_VARIABLE = YES;
				IPHONEOS_DEPLOYMENT_TARGET = 16.0;
				MTL_ENABLE_DEBUG_INFO = NO;
				MTL_FAST_MATH = YES;
				SDKROOT = iphoneos;
				SWIFT_COMPILATION_MODE = wholemodule;
				SWIFT_OPTIMIZATION_LEVEL = "-O";
				VALIDATE_PRODUCT = YES;
			};
			name = Release;
		};
		F167FE272A4F91870003830D /* Debug */ = {
			isa = XCBuildConfiguration;
			buildSettings = {
				ASSETCATALOG_COMPILER_APPICON_NAME = AppIcon;
				ASSETCATALOG_COMPILER_GLOBAL_ACCENT_COLOR_NAME = AccentColor;
				CODE_SIGN_STYLE = Automatic;
				CURRENT_PROJECT_VERSION = 1;
				DEVELOPMENT_ASSET_PATHS = "\"FileManager/Preview Content\"";
				DEVELOPMENT_TEAM = YKQMB5H5FH;
				ENABLE_PREVIEWS = YES;
				GENERATE_INFOPLIST_FILE = YES;
				INFOPLIST_FILE = FileManager/Info.plist;
				INFOPLIST_KEY_LSSupportsOpeningDocumentsInPlace = YES;
				INFOPLIST_KEY_UIApplicationSceneManifest_Generation = YES;
				INFOPLIST_KEY_UIApplicationSupportsIndirectInputEvents = YES;
				INFOPLIST_KEY_UILaunchScreen_Generation = YES;
				INFOPLIST_KEY_UISupportedInterfaceOrientations_iPad = "UIInterfaceOrientationPortrait UIInterfaceOrientationPortraitUpsideDown UIInterfaceOrientationLandscapeLeft UIInterfaceOrientationLandscapeRight";
				INFOPLIST_KEY_UISupportedInterfaceOrientations_iPhone = "UIInterfaceOrientationPortrait UIInterfaceOrientationLandscapeLeft UIInterfaceOrientationLandscapeRight";
				LD_RUNPATH_SEARCH_PATHS = (
					"$(inherited)",
					"@executable_path/Frameworks",
				);
				MARKETING_VERSION = 1.0;
				PRODUCT_BUNDLE_IDENTIFIER = sarah.app.FileManager;
				PRODUCT_NAME = "$(TARGET_NAME)";
				SUPPORTED_PLATFORMS = "iphoneos iphonesimulator";
				SUPPORTS_MACCATALYST = NO;
				SUPPORTS_MAC_DESIGNED_FOR_IPHONE_IPAD = YES;
				SWIFT_EMIT_LOC_STRINGS = YES;
				SWIFT_VERSION = 5.0;
				TARGETED_DEVICE_FAMILY = 1;
			};
			name = Debug;
		};
		F167FE282A4F91870003830D /* Release */ = {
			isa = XCBuildConfiguration;
			buildSettings = {
				ASSETCATALOG_COMPILER_APPICON_NAME = AppIcon;
				ASSETCATALOG_COMPILER_GLOBAL_ACCENT_COLOR_NAME = AccentColor;
				CODE_SIGN_STYLE = Automatic;
				CURRENT_PROJECT_VERSION = 1;
				DEVELOPMENT_ASSET_PATHS = "\"FileManager/Preview Content\"";
				DEVELOPMENT_TEAM = YKQMB5H5FH;
				ENABLE_PREVIEWS = YES;
				GENERATE_INFOPLIST_FILE = YES;
				INFOPLIST_FILE = FileManager/Info.plist;
				INFOPLIST_KEY_LSSupportsOpeningDocumentsInPlace = YES;
				INFOPLIST_KEY_UIApplicationSceneManifest_Generation = YES;
				INFOPLIST_KEY_UIApplicationSupportsIndirectInputEvents = YES;
				INFOPLIST_KEY_UILaunchScreen_Generation = YES;
				INFOPLIST_KEY_UISupportedInterfaceOrientations_iPad = "UIInterfaceOrientationPortrait UIInterfaceOrientationPortraitUpsideDown UIInterfaceOrientationLandscapeLeft UIInterfaceOrientationLandscapeRight";
				INFOPLIST_KEY_UISupportedInterfaceOrientations_iPhone = "UIInterfaceOrientationPortrait UIInterfaceOrientationLandscapeLeft UIInterfaceOrientationLandscapeRight";
				LD_RUNPATH_SEARCH_PATHS = (
					"$(inherited)",
					"@executable_path/Frameworks",
				);
				MARKETING_VERSION = 1.0;
				PRODUCT_BUNDLE_IDENTIFIER = sarah.app.FileManager;
				PRODUCT_NAME = "$(TARGET_NAME)";
				SUPPORTED_PLATFORMS = "iphoneos iphonesimulator";
				SUPPORTS_MACCATALYST = NO;
				SUPPORTS_MAC_DESIGNED_FOR_IPHONE_IPAD = YES;
				SWIFT_EMIT_LOC_STRINGS = YES;
				SWIFT_VERSION = 5.0;
				TARGETED_DEVICE_FAMILY = 1;
			};
			name = Release;
		};
/* End XCBuildConfiguration section */

/* Begin XCConfigurationList section */
		F167FE132A4F91860003830D /* Build configuration list for PBXProject "FileManager" */ = {
			isa = XCConfigurationList;
			buildConfigurations = (
				F167FE242A4F91870003830D /* Debug */,
				F167FE252A4F91870003830D /* Release */,
			);
			defaultConfigurationIsVisible = 0;
			defaultConfigurationName = Release;
		};
		F167FE262A4F91870003830D /* Build configuration list for PBXNativeTarget "FileManager" */ = {
			isa = XCConfigurationList;
			buildConfigurations = (
				F167FE272A4F91870003830D /* Debug */,
				F167FE282A4F91870003830D /* Release */,
			);
			defaultConfigurationIsVisible = 0;
			defaultConfigurationName = Release;
		};
/* End XCConfigurationList section */
	};
	rootObject = F167FE102A4F91860003830D /* Project object */;
}
